// !$*UTF8*$!
{
	archiveVersion = 1;
	classes = {
	};
	objectVersion = 48;
	objects = {

/* Begin PBXBuildFile section */
		3684871330DF71BD58AF29D7 /* Pods_Pic_a_Pup.framework in Frameworks */ = {isa = PBXBuildFile; fileRef = DAD37F86A9331DA1EEB953DB /* Pods_Pic_a_Pup.framework */; };
		6C0B9A4DF78710345741CB51 /* Pods_Pic_a_PupUITests.framework in Frameworks */ = {isa = PBXBuildFile; fileRef = C615068A318D743738BE3391 /* Pods_Pic_a_PupUITests.framework */; };
		7281EA5871449152FC616950 /* Pods_Pic_a_PupTests.framework in Frameworks */ = {isa = PBXBuildFile; fileRef = BC5A292D295DE0F40F99A6A8 /* Pods_Pic_a_PupTests.framework */; };
		D433026A20583A4500AFA47F /* AppDelegate.swift in Sources */ = {isa = PBXBuildFile; fileRef = D433026920583A4500AFA47F /* AppDelegate.swift */; };
		D433026C20583A4500AFA47F /* ViewController.swift in Sources */ = {isa = PBXBuildFile; fileRef = D433026B20583A4500AFA47F /* ViewController.swift */; };
		D433026F20583A4500AFA47F /* Main.storyboard in Resources */ = {isa = PBXBuildFile; fileRef = D433026D20583A4500AFA47F /* Main.storyboard */; };
		D433027120583A4500AFA47F /* Assets.xcassets in Resources */ = {isa = PBXBuildFile; fileRef = D433027020583A4500AFA47F /* Assets.xcassets */; };
		D433027420583A4500AFA47F /* LaunchScreen.storyboard in Resources */ = {isa = PBXBuildFile; fileRef = D433027220583A4500AFA47F /* LaunchScreen.storyboard */; };
		D433027F20583A4500AFA47F /* Pic_a_PupTests.swift in Sources */ = {isa = PBXBuildFile; fileRef = D433027E20583A4500AFA47F /* Pic_a_PupTests.swift */; };
		D433028A20583A4500AFA47F /* Pic_a_PupUITests.swift in Sources */ = {isa = PBXBuildFile; fileRef = D433028920583A4500AFA47F /* Pic_a_PupUITests.swift */; };
		D466111F205993FE004657EB /* GoogleService-Info.plist in Resources */ = {isa = PBXBuildFile; fileRef = D466111E205993FD004657EB /* GoogleService-Info.plist */; };
		D4661120205993FE004657EB /* GoogleService-Info.plist in Resources */ = {isa = PBXBuildFile; fileRef = D466111E205993FD004657EB /* GoogleService-Info.plist */; };
		D4661121205993FE004657EB /* GoogleService-Info.plist in Resources */ = {isa = PBXBuildFile; fileRef = D466111E205993FD004657EB /* GoogleService-Info.plist */; };
/* End PBXBuildFile section */

/* Begin PBXContainerItemProxy section */
		D433027B20583A4500AFA47F /* PBXContainerItemProxy */ = {
			isa = PBXContainerItemProxy;
			containerPortal = D433025E20583A4500AFA47F /* Project object */;
			proxyType = 1;
			remoteGlobalIDString = D433026520583A4500AFA47F;
			remoteInfo = "Pic-a-Pup";
		};
		D433028620583A4500AFA47F /* PBXContainerItemProxy */ = {
			isa = PBXContainerItemProxy;
			containerPortal = D433025E20583A4500AFA47F /* Project object */;
			proxyType = 1;
			remoteGlobalIDString = D433026520583A4500AFA47F;
			remoteInfo = "Pic-a-Pup";
		};
/* End PBXContainerItemProxy section */

/* Begin PBXFileReference section */
		144A7893400D621DA64B4258 /* Pods-Pic-a-Pup.release.xcconfig */ = {isa = PBXFileReference; includeInIndex = 1; lastKnownFileType = text.xcconfig; name = "Pods-Pic-a-Pup.release.xcconfig"; path = "Pods/Target Support Files/Pods-Pic-a-Pup/Pods-Pic-a-Pup.release.xcconfig"; sourceTree = "<group>"; };
		201501652488B60EEFF10727 /* Pods-Pic-a-Pup.debug.xcconfig */ = {isa = PBXFileReference; includeInIndex = 1; lastKnownFileType = text.xcconfig; name = "Pods-Pic-a-Pup.debug.xcconfig"; path = "Pods/Target Support Files/Pods-Pic-a-Pup/Pods-Pic-a-Pup.debug.xcconfig"; sourceTree = "<group>"; };
		4EB44C1F4DF133A75360C202 /* Pods-Pic-a-PupTests.release.xcconfig */ = {isa = PBXFileReference; includeInIndex = 1; lastKnownFileType = text.xcconfig; name = "Pods-Pic-a-PupTests.release.xcconfig"; path = "Pods/Target Support Files/Pods-Pic-a-PupTests/Pods-Pic-a-PupTests.release.xcconfig"; sourceTree = "<group>"; };
		7B53AA2BF02673BA32065D50 /* Pods-Pic-a-PupUITests.debug.xcconfig */ = {isa = PBXFileReference; includeInIndex = 1; lastKnownFileType = text.xcconfig; name = "Pods-Pic-a-PupUITests.debug.xcconfig"; path = "Pods/Target Support Files/Pods-Pic-a-PupUITests/Pods-Pic-a-PupUITests.debug.xcconfig"; sourceTree = "<group>"; };
		BC5A292D295DE0F40F99A6A8 /* Pods_Pic_a_PupTests.framework */ = {isa = PBXFileReference; explicitFileType = wrapper.framework; includeInIndex = 0; path = Pods_Pic_a_PupTests.framework; sourceTree = BUILT_PRODUCTS_DIR; };
		C615068A318D743738BE3391 /* Pods_Pic_a_PupUITests.framework */ = {isa = PBXFileReference; explicitFileType = wrapper.framework; includeInIndex = 0; path = Pods_Pic_a_PupUITests.framework; sourceTree = BUILT_PRODUCTS_DIR; };
		D433026620583A4500AFA47F /* Pic-a-Pup.app */ = {isa = PBXFileReference; explicitFileType = wrapper.application; includeInIndex = 0; path = "Pic-a-Pup.app"; sourceTree = BUILT_PRODUCTS_DIR; };
		D433026920583A4500AFA47F /* AppDelegate.swift */ = {isa = PBXFileReference; lastKnownFileType = sourcecode.swift; path = AppDelegate.swift; sourceTree = "<group>"; };
		D433026B20583A4500AFA47F /* ViewController.swift */ = {isa = PBXFileReference; lastKnownFileType = sourcecode.swift; path = ViewController.swift; sourceTree = "<group>"; };
		D433026E20583A4500AFA47F /* Base */ = {isa = PBXFileReference; lastKnownFileType = file.storyboard; name = Base; path = Base.lproj/Main.storyboard; sourceTree = "<group>"; };
		D433027020583A4500AFA47F /* Assets.xcassets */ = {isa = PBXFileReference; lastKnownFileType = folder.assetcatalog; path = Assets.xcassets; sourceTree = "<group>"; };
		D433027320583A4500AFA47F /* Base */ = {isa = PBXFileReference; lastKnownFileType = file.storyboard; name = Base; path = Base.lproj/LaunchScreen.storyboard; sourceTree = "<group>"; };
		D433027520583A4500AFA47F /* Info.plist */ = {isa = PBXFileReference; lastKnownFileType = text.plist.xml; path = Info.plist; sourceTree = "<group>"; };
		D433027A20583A4500AFA47F /* Pic-a-PupTests.xctest */ = {isa = PBXFileReference; explicitFileType = wrapper.cfbundle; includeInIndex = 0; path = "Pic-a-PupTests.xctest"; sourceTree = BUILT_PRODUCTS_DIR; };
		D433027E20583A4500AFA47F /* Pic_a_PupTests.swift */ = {isa = PBXFileReference; lastKnownFileType = sourcecode.swift; path = Pic_a_PupTests.swift; sourceTree = "<group>"; };
		D433028020583A4500AFA47F /* Info.plist */ = {isa = PBXFileReference; lastKnownFileType = text.plist.xml; path = Info.plist; sourceTree = "<group>"; };
		D433028520583A4500AFA47F /* Pic-a-PupUITests.xctest */ = {isa = PBXFileReference; explicitFileType = wrapper.cfbundle; includeInIndex = 0; path = "Pic-a-PupUITests.xctest"; sourceTree = BUILT_PRODUCTS_DIR; };
		D433028920583A4500AFA47F /* Pic_a_PupUITests.swift */ = {isa = PBXFileReference; lastKnownFileType = sourcecode.swift; path = Pic_a_PupUITests.swift; sourceTree = "<group>"; };
		D433028B20583A4500AFA47F /* Info.plist */ = {isa = PBXFileReference; lastKnownFileType = text.plist.xml; path = Info.plist; sourceTree = "<group>"; };
		D466111E205993FD004657EB /* GoogleService-Info.plist */ = {isa = PBXFileReference; fileEncoding = 4; lastKnownFileType = text.plist.xml; path = "GoogleService-Info.plist"; sourceTree = "<group>"; };
		DAD37F86A9331DA1EEB953DB /* Pods_Pic_a_Pup.framework */ = {isa = PBXFileReference; explicitFileType = wrapper.framework; includeInIndex = 0; path = Pods_Pic_a_Pup.framework; sourceTree = BUILT_PRODUCTS_DIR; };
		E6370DC06FF951C3F72C1695 /* Pods-Pic-a-PupUITests.release.xcconfig */ = {isa = PBXFileReference; includeInIndex = 1; lastKnownFileType = text.xcconfig; name = "Pods-Pic-a-PupUITests.release.xcconfig"; path = "Pods/Target Support Files/Pods-Pic-a-PupUITests/Pods-Pic-a-PupUITests.release.xcconfig"; sourceTree = "<group>"; };
		EF81CFAB903F6FE0F8BD04CF /* Pods-Pic-a-PupTests.debug.xcconfig */ = {isa = PBXFileReference; includeInIndex = 1; lastKnownFileType = text.xcconfig; name = "Pods-Pic-a-PupTests.debug.xcconfig"; path = "Pods/Target Support Files/Pods-Pic-a-PupTests/Pods-Pic-a-PupTests.debug.xcconfig"; sourceTree = "<group>"; };
/* End PBXFileReference section */

/* Begin PBXFrameworksBuildPhase section */
		D433026320583A4500AFA47F /* Frameworks */ = {
			isa = PBXFrameworksBuildPhase;
			buildActionMask = 2147483647;
			files = (
				3684871330DF71BD58AF29D7 /* Pods_Pic_a_Pup.framework in Frameworks */,
			);
			runOnlyForDeploymentPostprocessing = 0;
		};
		D433027720583A4500AFA47F /* Frameworks */ = {
			isa = PBXFrameworksBuildPhase;
			buildActionMask = 2147483647;
			files = (
				7281EA5871449152FC616950 /* Pods_Pic_a_PupTests.framework in Frameworks */,
			);
			runOnlyForDeploymentPostprocessing = 0;
		};
		D433028220583A4500AFA47F /* Frameworks */ = {
			isa = PBXFrameworksBuildPhase;
			buildActionMask = 2147483647;
			files = (
				6C0B9A4DF78710345741CB51 /* Pods_Pic_a_PupUITests.framework in Frameworks */,
			);
			runOnlyForDeploymentPostprocessing = 0;
		};
/* End PBXFrameworksBuildPhase section */

/* Begin PBXGroup section */
		6513F507A55F3F896513028D /* Pods */ = {
			isa = PBXGroup;
			children = (
				201501652488B60EEFF10727 /* Pods-Pic-a-Pup.debug.xcconfig */,
				144A7893400D621DA64B4258 /* Pods-Pic-a-Pup.release.xcconfig */,
				EF81CFAB903F6FE0F8BD04CF /* Pods-Pic-a-PupTests.debug.xcconfig */,
				4EB44C1F4DF133A75360C202 /* Pods-Pic-a-PupTests.release.xcconfig */,
				7B53AA2BF02673BA32065D50 /* Pods-Pic-a-PupUITests.debug.xcconfig */,
				E6370DC06FF951C3F72C1695 /* Pods-Pic-a-PupUITests.release.xcconfig */,
			);
			name = Pods;
			sourceTree = "<group>";
		};
		85C5998DB708006B19577466 /* Frameworks */ = {
			isa = PBXGroup;
			children = (
				DAD37F86A9331DA1EEB953DB /* Pods_Pic_a_Pup.framework */,
				BC5A292D295DE0F40F99A6A8 /* Pods_Pic_a_PupTests.framework */,
				C615068A318D743738BE3391 /* Pods_Pic_a_PupUITests.framework */,
			);
			name = Frameworks;
			sourceTree = "<group>";
		};
		D433025D20583A4500AFA47F = {
			isa = PBXGroup;
			children = (
				D433026820583A4500AFA47F /* Pic-a-Pup */,
				D433027D20583A4500AFA47F /* Pic-a-PupTests */,
				D433028820583A4500AFA47F /* Pic-a-PupUITests */,
				D433026720583A4500AFA47F /* Products */,
				6513F507A55F3F896513028D /* Pods */,
				85C5998DB708006B19577466 /* Frameworks */,
			);
			sourceTree = "<group>";
		};
		D433026720583A4500AFA47F /* Products */ = {
			isa = PBXGroup;
			children = (
				D433026620583A4500AFA47F /* Pic-a-Pup.app */,
				D433027A20583A4500AFA47F /* Pic-a-PupTests.xctest */,
				D433028520583A4500AFA47F /* Pic-a-PupUITests.xctest */,
			);
			name = Products;
			sourceTree = "<group>";
		};
		D433026820583A4500AFA47F /* Pic-a-Pup */ = {
			isa = PBXGroup;
			children = (
				D466111E205993FD004657EB /* GoogleService-Info.plist */,
				D433026920583A4500AFA47F /* AppDelegate.swift */,
				D433026B20583A4500AFA47F /* ViewController.swift */,
				D433026D20583A4500AFA47F /* Main.storyboard */,
				D433027020583A4500AFA47F /* Assets.xcassets */,
				D433027220583A4500AFA47F /* LaunchScreen.storyboard */,
				D433027520583A4500AFA47F /* Info.plist */,
			);
			path = "Pic-a-Pup";
			sourceTree = "<group>";
		};
		D433027D20583A4500AFA47F /* Pic-a-PupTests */ = {
			isa = PBXGroup;
			children = (
				D433027E20583A4500AFA47F /* Pic_a_PupTests.swift */,
				D433028020583A4500AFA47F /* Info.plist */,
			);
			path = "Pic-a-PupTests";
			sourceTree = "<group>";
		};
		D433028820583A4500AFA47F /* Pic-a-PupUITests */ = {
			isa = PBXGroup;
			children = (
				D433028920583A4500AFA47F /* Pic_a_PupUITests.swift */,
				D433028B20583A4500AFA47F /* Info.plist */,
			);
			path = "Pic-a-PupUITests";
			sourceTree = "<group>";
		};
/* End PBXGroup section */

/* Begin PBXNativeTarget section */
		D433026520583A4500AFA47F /* Pic-a-Pup */ = {
			isa = PBXNativeTarget;
			buildConfigurationList = D433028E20583A4500AFA47F /* Build configuration list for PBXNativeTarget "Pic-a-Pup" */;
			buildPhases = (
				A6EC52829626C2AA56D8E87C /* [CP] Check Pods Manifest.lock */,
				D433026220583A4500AFA47F /* Sources */,
				D433026320583A4500AFA47F /* Frameworks */,
				D433026420583A4500AFA47F /* Resources */,
				35B14DC0C0BC204114923639 /* [CP] Embed Pods Frameworks */,
				BF4776ECD8404372A3B52289 /* [CP] Copy Pods Resources */,
			);
			buildRules = (
			);
			dependencies = (
			);
			name = "Pic-a-Pup";
			productName = "Pic-a-Pup";
			productReference = D433026620583A4500AFA47F /* Pic-a-Pup.app */;
			productType = "com.apple.product-type.application";
		};
		D433027920583A4500AFA47F /* Pic-a-PupTests */ = {
			isa = PBXNativeTarget;
			buildConfigurationList = D433029120583A4500AFA47F /* Build configuration list for PBXNativeTarget "Pic-a-PupTests" */;
			buildPhases = (
				C8B2DC561015B5C777DB5F84 /* [CP] Check Pods Manifest.lock */,
				D433027620583A4500AFA47F /* Sources */,
				D433027720583A4500AFA47F /* Frameworks */,
				D433027820583A4500AFA47F /* Resources */,
				CE23168CF5DB0AD2F9E4842D /* [CP] Embed Pods Frameworks */,
				DFE37E06AA5DF949ADC70B80 /* [CP] Copy Pods Resources */,
			);
			buildRules = (
			);
			dependencies = (
				D433027C20583A4500AFA47F /* PBXTargetDependency */,
			);
			name = "Pic-a-PupTests";
			productName = "Pic-a-PupTests";
			productReference = D433027A20583A4500AFA47F /* Pic-a-PupTests.xctest */;
			productType = "com.apple.product-type.bundle.unit-test";
		};
		D433028420583A4500AFA47F /* Pic-a-PupUITests */ = {
			isa = PBXNativeTarget;
			buildConfigurationList = D433029420583A4500AFA47F /* Build configuration list for PBXNativeTarget "Pic-a-PupUITests" */;
			buildPhases = (
				8F25CB862770DFC8DE0BDFEE /* [CP] Check Pods Manifest.lock */,
				D433028120583A4500AFA47F /* Sources */,
				D433028220583A4500AFA47F /* Frameworks */,
				D433028320583A4500AFA47F /* Resources */,
				612884D0DF9F988B92D84135 /* [CP] Embed Pods Frameworks */,
				50F20E49736F33C3E51C9DE2 /* [CP] Copy Pods Resources */,
			);
			buildRules = (
			);
			dependencies = (
				D433028720583A4500AFA47F /* PBXTargetDependency */,
			);
			name = "Pic-a-PupUITests";
			productName = "Pic-a-PupUITests";
			productReference = D433028520583A4500AFA47F /* Pic-a-PupUITests.xctest */;
			productType = "com.apple.product-type.bundle.ui-testing";
		};
/* End PBXNativeTarget section */

/* Begin PBXProject section */
		D433025E20583A4500AFA47F /* Project object */ = {
			isa = PBXProject;
			attributes = {
				LastSwiftUpdateCheck = 0920;
				LastUpgradeCheck = 0920;
				ORGANIZATIONNAME = Philip;
				TargetAttributes = {
					D433026520583A4500AFA47F = {
						CreatedOnToolsVersion = 9.2;
						ProvisioningStyle = Automatic;
					};
					D433027920583A4500AFA47F = {
						CreatedOnToolsVersion = 9.2;
						ProvisioningStyle = Automatic;
						TestTargetID = D433026520583A4500AFA47F;
					};
					D433028420583A4500AFA47F = {
						CreatedOnToolsVersion = 9.2;
						ProvisioningStyle = Automatic;
						TestTargetID = D433026520583A4500AFA47F;
					};
				};
			};
			buildConfigurationList = D433026120583A4500AFA47F /* Build configuration list for PBXProject "Pic-a-Pup" */;
			compatibilityVersion = "Xcode 8.0";
			developmentRegion = en;
			hasScannedForEncodings = 0;
			knownRegions = (
				en,
				Base,
			);
			mainGroup = D433025D20583A4500AFA47F;
			productRefGroup = D433026720583A4500AFA47F /* Products */;
			projectDirPath = "";
			projectRoot = "";
			targets = (
				D433026520583A4500AFA47F /* Pic-a-Pup */,
				D433027920583A4500AFA47F /* Pic-a-PupTests */,
				D433028420583A4500AFA47F /* Pic-a-PupUITests */,
			);
		};
/* End PBXProject section */

/* Begin PBXResourcesBuildPhase section */
		D433026420583A4500AFA47F /* Resources */ = {
			isa = PBXResourcesBuildPhase;
			buildActionMask = 2147483647;
			files = (
				D433027420583A4500AFA47F /* LaunchScreen.storyboard in Resources */,
				D466111F205993FE004657EB /* GoogleService-Info.plist in Resources */,
				D433027120583A4500AFA47F /* Assets.xcassets in Resources */,
				D433026F20583A4500AFA47F /* Main.storyboard in Resources */,
			);
			runOnlyForDeploymentPostprocessing = 0;
		};
		D433027820583A4500AFA47F /* Resources */ = {
			isa = PBXResourcesBuildPhase;
			buildActionMask = 2147483647;
			files = (
				D4661120205993FE004657EB /* GoogleService-Info.plist in Resources */,
			);
			runOnlyForDeploymentPostprocessing = 0;
		};
		D433028320583A4500AFA47F /* Resources */ = {
			isa = PBXResourcesBuildPhase;
			buildActionMask = 2147483647;
			files = (
				D4661121205993FE004657EB /* GoogleService-Info.plist in Resources */,
			);
			runOnlyForDeploymentPostprocessing = 0;
		};
/* End PBXResourcesBuildPhase section */

/* Begin PBXShellScriptBuildPhase section */
		35B14DC0C0BC204114923639 /* [CP] Embed Pods Frameworks */ = {
			isa = PBXShellScriptBuildPhase;
			buildActionMask = 2147483647;
			files = (
			);
			inputPaths = (
				"${SRCROOT}/Pods/Target Support Files/Pods-Pic-a-Pup/Pods-Pic-a-Pup-frameworks.sh",
				"${BUILT_PRODUCTS_DIR}/Alamofire/Alamofire.framework",
				"${BUILT_PRODUCTS_DIR}/GTMSessionFetcher/GTMSessionFetcher.framework",
				"${BUILT_PRODUCTS_DIR}/GoogleToolboxForMac/GoogleToolboxForMac.framework",
				"${BUILT_PRODUCTS_DIR}/Protobuf/Protobuf.framework",
				"${BUILT_PRODUCTS_DIR}/leveldb-library/leveldb.framework",
				"${BUILT_PRODUCTS_DIR}/nanopb/nanopb.framework",
			);
			name = "[CP] Embed Pods Frameworks";
			outputPaths = (
				"${TARGET_BUILD_DIR}/${FRAMEWORKS_FOLDER_PATH}/Alamofire.framework",
				"${TARGET_BUILD_DIR}/${FRAMEWORKS_FOLDER_PATH}/GTMSessionFetcher.framework",
				"${TARGET_BUILD_DIR}/${FRAMEWORKS_FOLDER_PATH}/GoogleToolboxForMac.framework",
				"${TARGET_BUILD_DIR}/${FRAMEWORKS_FOLDER_PATH}/Protobuf.framework",
				"${TARGET_BUILD_DIR}/${FRAMEWORKS_FOLDER_PATH}/leveldb.framework",
				"${TARGET_BUILD_DIR}/${FRAMEWORKS_FOLDER_PATH}/nanopb.framework",
			);
			runOnlyForDeploymentPostprocessing = 0;
			shellPath = /bin/sh;
			shellScript = "\"${SRCROOT}/Pods/Target Support Files/Pods-Pic-a-Pup/Pods-Pic-a-Pup-frameworks.sh\"\n";
			showEnvVarsInLog = 0;
		};
		50F20E49736F33C3E51C9DE2 /* [CP] Copy Pods Resources */ = {
			isa = PBXShellScriptBuildPhase;
			buildActionMask = 2147483647;
			files = (
			);
			inputPaths = (
			);
			name = "[CP] Copy Pods Resources";
			outputPaths = (
			);
			runOnlyForDeploymentPostprocessing = 0;
			shellPath = /bin/sh;
			shellScript = "\"${SRCROOT}/Pods/Target Support Files/Pods-Pic-a-PupUITests/Pods-Pic-a-PupUITests-resources.sh\"\n";
			showEnvVarsInLog = 0;
		};
		612884D0DF9F988B92D84135 /* [CP] Embed Pods Frameworks */ = {
			isa = PBXShellScriptBuildPhase;
			buildActionMask = 2147483647;
			files = (
			);
			inputPaths = (
			);
			name = "[CP] Embed Pods Frameworks";
			outputPaths = (
			);
			runOnlyForDeploymentPostprocessing = 0;
			shellPath = /bin/sh;
			shellScript = "\"${SRCROOT}/Pods/Target Support Files/Pods-Pic-a-PupUITests/Pods-Pic-a-PupUITests-frameworks.sh\"\n";
			showEnvVarsInLog = 0;
		};
		8F25CB862770DFC8DE0BDFEE /* [CP] Check Pods Manifest.lock */ = {
			isa = PBXShellScriptBuildPhase;
			buildActionMask = 2147483647;
			files = (
			);
			inputPaths = (
				"${PODS_PODFILE_DIR_PATH}/Podfile.lock",
				"${PODS_ROOT}/Manifest.lock",
			);
			name = "[CP] Check Pods Manifest.lock";
			outputPaths = (
				"$(DERIVED_FILE_DIR)/Pods-Pic-a-PupUITests-checkManifestLockResult.txt",
			);
			runOnlyForDeploymentPostprocessing = 0;
			shellPath = /bin/sh;
			shellScript = "diff \"${PODS_PODFILE_DIR_PATH}/Podfile.lock\" \"${PODS_ROOT}/Manifest.lock\" > /dev/null\nif [ $? != 0 ] ; then\n    # print error to STDERR\n    echo \"error: The sandbox is not in sync with the Podfile.lock. Run 'pod install' or update your CocoaPods installation.\" >&2\n    exit 1\nfi\n# This output is used by Xcode 'outputs' to avoid re-running this script phase.\necho \"SUCCESS\" > \"${SCRIPT_OUTPUT_FILE_0}\"\n";
			showEnvVarsInLog = 0;
		};
		A6EC52829626C2AA56D8E87C /* [CP] Check Pods Manifest.lock */ = {
			isa = PBXShellScriptBuildPhase;
			buildActionMask = 2147483647;
			files = (
			);
			inputPaths = (
				"${PODS_PODFILE_DIR_PATH}/Podfile.lock",
				"${PODS_ROOT}/Manifest.lock",
			);
			name = "[CP] Check Pods Manifest.lock";
			outputPaths = (
				"$(DERIVED_FILE_DIR)/Pods-Pic-a-Pup-checkManifestLockResult.txt",
			);
			runOnlyForDeploymentPostprocessing = 0;
			shellPath = /bin/sh;
			shellScript = "diff \"${PODS_PODFILE_DIR_PATH}/Podfile.lock\" \"${PODS_ROOT}/Manifest.lock\" > /dev/null\nif [ $? != 0 ] ; then\n    # print error to STDERR\n    echo \"error: The sandbox is not in sync with the Podfile.lock. Run 'pod install' or update your CocoaPods installation.\" >&2\n    exit 1\nfi\n# This output is used by Xcode 'outputs' to avoid re-running this script phase.\necho \"SUCCESS\" > \"${SCRIPT_OUTPUT_FILE_0}\"\n";
			showEnvVarsInLog = 0;
		};
		BF4776ECD8404372A3B52289 /* [CP] Copy Pods Resources */ = {
			isa = PBXShellScriptBuildPhase;
			buildActionMask = 2147483647;
			files = (
			);
			inputPaths = (
			);
			name = "[CP] Copy Pods Resources";
			outputPaths = (
			);
			runOnlyForDeploymentPostprocessing = 0;
			shellPath = /bin/sh;
			shellScript = "\"${SRCROOT}/Pods/Target Support Files/Pods-Pic-a-Pup/Pods-Pic-a-Pup-resources.sh\"\n";
			showEnvVarsInLog = 0;
		};
		C8B2DC561015B5C777DB5F84 /* [CP] Check Pods Manifest.lock */ = {
			isa = PBXShellScriptBuildPhase;
			buildActionMask = 2147483647;
			files = (
			);
			inputPaths = (
				"${PODS_PODFILE_DIR_PATH}/Podfile.lock",
				"${PODS_ROOT}/Manifest.lock",
			);
			name = "[CP] Check Pods Manifest.lock";
			outputPaths = (
				"$(DERIVED_FILE_DIR)/Pods-Pic-a-PupTests-checkManifestLockResult.txt",
			);
			runOnlyForDeploymentPostprocessing = 0;
			shellPath = /bin/sh;
			shellScript = "diff \"${PODS_PODFILE_DIR_PATH}/Podfile.lock\" \"${PODS_ROOT}/Manifest.lock\" > /dev/null\nif [ $? != 0 ] ; then\n    # print error to STDERR\n    echo \"error: The sandbox is not in sync with the Podfile.lock. Run 'pod install' or update your CocoaPods installation.\" >&2\n    exit 1\nfi\n# This output is used by Xcode 'outputs' to avoid re-running this script phase.\necho \"SUCCESS\" > \"${SCRIPT_OUTPUT_FILE_0}\"\n";
			showEnvVarsInLog = 0;
		};
		CE23168CF5DB0AD2F9E4842D /* [CP] Embed Pods Frameworks */ = {
			isa = PBXShellScriptBuildPhase;
			buildActionMask = 2147483647;
			files = (
			);
			inputPaths = (
			);
			name = "[CP] Embed Pods Frameworks";
			outputPaths = (
			);
			runOnlyForDeploymentPostprocessing = 0;
			shellPath = /bin/sh;
			shellScript = "\"${SRCROOT}/Pods/Target Support Files/Pods-Pic-a-PupTests/Pods-Pic-a-PupTests-frameworks.sh\"\n";
			showEnvVarsInLog = 0;
		};
		DFE37E06AA5DF949ADC70B80 /* [CP] Copy Pods Resources */ = {
			isa = PBXShellScriptBuildPhase;
			buildActionMask = 2147483647;
			files = (
			);
			inputPaths = (
			);
			name = "[CP] Copy Pods Resources";
			outputPaths = (
			);
			runOnlyForDeploymentPostprocessing = 0;
			shellPath = /bin/sh;
			shellScript = "\"${SRCROOT}/Pods/Target Support Files/Pods-Pic-a-PupTests/Pods-Pic-a-PupTests-resources.sh\"\n";
			showEnvVarsInLog = 0;
		};
/* End PBXShellScriptBuildPhase section */

/* Begin PBXSourcesBuildPhase section */
		D433026220583A4500AFA47F /* Sources */ = {
			isa = PBXSourcesBuildPhase;
			buildActionMask = 2147483647;
			files = (
				D433026C20583A4500AFA47F /* ViewController.swift in Sources */,
				D433026A20583A4500AFA47F /* AppDelegate.swift in Sources */,
			);
			runOnlyForDeploymentPostprocessing = 0;
		};
		D433027620583A4500AFA47F /* Sources */ = {
			isa = PBXSourcesBuildPhase;
			buildActionMask = 2147483647;
			files = (
				D433027F20583A4500AFA47F /* Pic_a_PupTests.swift in Sources */,
			);
			runOnlyForDeploymentPostprocessing = 0;
		};
		D433028120583A4500AFA47F /* Sources */ = {
			isa = PBXSourcesBuildPhase;
			buildActionMask = 2147483647;
			files = (
				D433028A20583A4500AFA47F /* Pic_a_PupUITests.swift in Sources */,
			);
			runOnlyForDeploymentPostprocessing = 0;
		};
/* End PBXSourcesBuildPhase section */

/* Begin PBXTargetDependency section */
		D433027C20583A4500AFA47F /* PBXTargetDependency */ = {
			isa = PBXTargetDependency;
			target = D433026520583A4500AFA47F /* Pic-a-Pup */;
			targetProxy = D433027B20583A4500AFA47F /* PBXContainerItemProxy */;
		};
		D433028720583A4500AFA47F /* PBXTargetDependency */ = {
			isa = PBXTargetDependency;
			target = D433026520583A4500AFA47F /* Pic-a-Pup */;
			targetProxy = D433028620583A4500AFA47F /* PBXContainerItemProxy */;
		};
/* End PBXTargetDependency section */

/* Begin PBXVariantGroup section */
		D433026D20583A4500AFA47F /* Main.storyboard */ = {
			isa = PBXVariantGroup;
			children = (
				D433026E20583A4500AFA47F /* Base */,
			);
			name = Main.storyboard;
			sourceTree = "<group>";
		};
		D433027220583A4500AFA47F /* LaunchScreen.storyboard */ = {
			isa = PBXVariantGroup;
			children = (
				D433027320583A4500AFA47F /* Base */,
			);
			name = LaunchScreen.storyboard;
			sourceTree = "<group>";
		};
/* End PBXVariantGroup section */

/* Begin XCBuildConfiguration section */
		D433028C20583A4500AFA47F /* Debug */ = {
			isa = XCBuildConfiguration;
			buildSettings = {
				ALWAYS_SEARCH_USER_PATHS = NO;
				CLANG_ANALYZER_NONNULL = YES;
				CLANG_ANALYZER_NUMBER_OBJECT_CONVERSION = YES_AGGRESSIVE;
				CLANG_CXX_LANGUAGE_STANDARD = "gnu++14";
				CLANG_CXX_LIBRARY = "libc++";
				CLANG_ENABLE_MODULES = YES;
				CLANG_ENABLE_OBJC_ARC = YES;
				CLANG_WARN_BLOCK_CAPTURE_AUTORELEASING = YES;
				CLANG_WARN_BOOL_CONVERSION = YES;
				CLANG_WARN_COMMA = YES;
				CLANG_WARN_CONSTANT_CONVERSION = YES;
				CLANG_WARN_DIRECT_OBJC_ISA_USAGE = YES_ERROR;
				CLANG_WARN_DOCUMENTATION_COMMENTS = YES;
				CLANG_WARN_EMPTY_BODY = YES;
				CLANG_WARN_ENUM_CONVERSION = YES;
				CLANG_WARN_INFINITE_RECURSION = YES;
				CLANG_WARN_INT_CONVERSION = YES;
				CLANG_WARN_NON_LITERAL_NULL_CONVERSION = YES;
				CLANG_WARN_OBJC_LITERAL_CONVERSION = YES;
				CLANG_WARN_OBJC_ROOT_CLASS = YES_ERROR;
				CLANG_WARN_RANGE_LOOP_ANALYSIS = YES;
				CLANG_WARN_STRICT_PROTOTYPES = YES;
				CLANG_WARN_SUSPICIOUS_MOVE = YES;
				CLANG_WARN_UNGUARDED_AVAILABILITY = YES_AGGRESSIVE;
				CLANG_WARN_UNREACHABLE_CODE = YES;
				CLANG_WARN__DUPLICATE_METHOD_MATCH = YES;
				CODE_SIGN_IDENTITY = "iPhone Developer";
				COPY_PHASE_STRIP = NO;
				DEBUG_INFORMATION_FORMAT = dwarf;
				ENABLE_STRICT_OBJC_MSGSEND = YES;
				ENABLE_TESTABILITY = YES;
				GCC_C_LANGUAGE_STANDARD = gnu11;
				GCC_DYNAMIC_NO_PIC = NO;
				GCC_NO_COMMON_BLOCKS = YES;
				GCC_OPTIMIZATION_LEVEL = 0;
				GCC_PREPROCESSOR_DEFINITIONS = (
					"DEBUG=1",
					"$(inherited)",
				);
				GCC_WARN_64_TO_32_BIT_CONVERSION = YES;
				GCC_WARN_ABOUT_RETURN_TYPE = YES_ERROR;
				GCC_WARN_UNDECLARED_SELECTOR = YES;
				GCC_WARN_UNINITIALIZED_AUTOS = YES_AGGRESSIVE;
				GCC_WARN_UNUSED_FUNCTION = YES;
				GCC_WARN_UNUSED_VARIABLE = YES;
				IPHONEOS_DEPLOYMENT_TARGET = 11.2;
				MTL_ENABLE_DEBUG_INFO = YES;
				ONLY_ACTIVE_ARCH = YES;
				SDKROOT = iphoneos;
				SWIFT_ACTIVE_COMPILATION_CONDITIONS = DEBUG;
				SWIFT_OPTIMIZATION_LEVEL = "-Onone";
			};
			name = Debug;
		};
		D433028D20583A4500AFA47F /* Release */ = {
			isa = XCBuildConfiguration;
			buildSettings = {
				ALWAYS_SEARCH_USER_PATHS = NO;
				CLANG_ANALYZER_NONNULL = YES;
				CLANG_ANALYZER_NUMBER_OBJECT_CONVERSION = YES_AGGRESSIVE;
				CLANG_CXX_LANGUAGE_STANDARD = "gnu++14";
				CLANG_CXX_LIBRARY = "libc++";
				CLANG_ENABLE_MODULES = YES;
				CLANG_ENABLE_OBJC_ARC = YES;
				CLANG_WARN_BLOCK_CAPTURE_AUTORELEASING = YES;
				CLANG_WARN_BOOL_CONVERSION = YES;
				CLANG_WARN_COMMA = YES;
				CLANG_WARN_CONSTANT_CONVERSION = YES;
				CLANG_WARN_DIRECT_OBJC_ISA_USAGE = YES_ERROR;
				CLANG_WARN_DOCUMENTATION_COMMENTS = YES;
				CLANG_WARN_EMPTY_BODY = YES;
				CLANG_WARN_ENUM_CONVERSION = YES;
				CLANG_WARN_INFINITE_RECURSION = YES;
				CLANG_WARN_INT_CONVERSION = YES;
				CLANG_WARN_NON_LITERAL_NULL_CONVERSION = YES;
				CLANG_WARN_OBJC_LITERAL_CONVERSION = YES;
				CLANG_WARN_OBJC_ROOT_CLASS = YES_ERROR;
				CLANG_WARN_RANGE_LOOP_ANALYSIS = YES;
				CLANG_WARN_STRICT_PROTOTYPES = YES;
				CLANG_WARN_SUSPICIOUS_MOVE = YES;
				CLANG_WARN_UNGUARDED_AVAILABILITY = YES_AGGRESSIVE;
				CLANG_WARN_UNREACHABLE_CODE = YES;
				CLANG_WARN__DUPLICATE_METHOD_MATCH = YES;
				CODE_SIGN_IDENTITY = "iPhone Developer";
				COPY_PHASE_STRIP = NO;
				DEBUG_INFORMATION_FORMAT = "dwarf-with-dsym";
				ENABLE_NS_ASSERTIONS = NO;
				ENABLE_STRICT_OBJC_MSGSEND = YES;
				GCC_C_LANGUAGE_STANDARD = gnu11;
				GCC_NO_COMMON_BLOCKS = YES;
				GCC_WARN_64_TO_32_BIT_CONVERSION = YES;
				GCC_WARN_ABOUT_RETURN_TYPE = YES_ERROR;
				GCC_WARN_UNDECLARED_SELECTOR = YES;
				GCC_WARN_UNINITIALIZED_AUTOS = YES_AGGRESSIVE;
				GCC_WARN_UNUSED_FUNCTION = YES;
				GCC_WARN_UNUSED_VARIABLE = YES;
				IPHONEOS_DEPLOYMENT_TARGET = 11.2;
				MTL_ENABLE_DEBUG_INFO = NO;
				SDKROOT = iphoneos;
				SWIFT_OPTIMIZATION_LEVEL = "-Owholemodule";
				VALIDATE_PRODUCT = YES;
			};
			name = Release;
		};
		D433028F20583A4500AFA47F /* Debug */ = {
			isa = XCBuildConfiguration;
			baseConfigurationReference = 201501652488B60EEFF10727 /* Pods-Pic-a-Pup.debug.xcconfig */;
			buildSettings = {
				ASSETCATALOG_COMPILER_APPICON_NAME = AppIcon;
				CODE_SIGN_STYLE = Automatic;
				DEVELOPMENT_TEAM = 7G82ECD844;
				INFOPLIST_FILE = "Pic-a-Pup/Info.plist";
				LD_RUNPATH_SEARCH_PATHS = "$(inherited) @executable_path/Frameworks";
				PRODUCT_BUNDLE_IDENTIFIER = "com.pic-a-pup.Pic-a-Pup";
				PRODUCT_NAME = "$(TARGET_NAME)";
				SWIFT_VERSION = 4.0;
				TARGETED_DEVICE_FAMILY = "1,2";
			};
			name = Debug;
		};
		D433029020583A4500AFA47F /* Release */ = {
			isa = XCBuildConfiguration;
			baseConfigurationReference = 144A7893400D621DA64B4258 /* Pods-Pic-a-Pup.release.xcconfig */;
			buildSettings = {
				ASSETCATALOG_COMPILER_APPICON_NAME = AppIcon;
				CODE_SIGN_STYLE = Automatic;
				DEVELOPMENT_TEAM = 7G82ECD844;
				INFOPLIST_FILE = "Pic-a-Pup/Info.plist";
				LD_RUNPATH_SEARCH_PATHS = "$(inherited) @executable_path/Frameworks";
				PRODUCT_BUNDLE_IDENTIFIER = "com.pic-a-pup.Pic-a-Pup";
				PRODUCT_NAME = "$(TARGET_NAME)";
				SWIFT_VERSION = 4.0;
				TARGETED_DEVICE_FAMILY = "1,2";
			};
			name = Release;
		};
		D433029220583A4500AFA47F /* Debug */ = {
			isa = XCBuildConfiguration;
			baseConfigurationReference = EF81CFAB903F6FE0F8BD04CF /* Pods-Pic-a-PupTests.debug.xcconfig */;
			buildSettings = {
				ALWAYS_EMBED_SWIFT_STANDARD_LIBRARIES = YES;
				BUNDLE_LOADER = "$(TEST_HOST)";
				CODE_SIGN_STYLE = Automatic;
				DEVELOPMENT_TEAM = 7G82ECD844;
				INFOPLIST_FILE = "Pic-a-PupTests/Info.plist";
				LD_RUNPATH_SEARCH_PATHS = "$(inherited) @executable_path/Frameworks @loader_path/Frameworks";
				PRODUCT_BUNDLE_IDENTIFIER = "com.pic-a-pup.Pic-a-PupTests";
				PRODUCT_NAME = "$(TARGET_NAME)";
				SWIFT_VERSION = 4.0;
				TARGETED_DEVICE_FAMILY = "1,2";
				TEST_HOST = "$(BUILT_PRODUCTS_DIR)/Pic-a-Pup.app/Pic-a-Pup";
			};
			name = Debug;
		};
		D433029320583A4500AFA47F /* Release */ = {
			isa = XCBuildConfiguration;
			baseConfigurationReference = 4EB44C1F4DF133A75360C202 /* Pods-Pic-a-PupTests.release.xcconfig */;
			buildSettings = {
				ALWAYS_EMBED_SWIFT_STANDARD_LIBRARIES = YES;
				BUNDLE_LOADER = "$(TEST_HOST)";
				CODE_SIGN_STYLE = Automatic;
				DEVELOPMENT_TEAM = 7G82ECD844;
				INFOPLIST_FILE = "Pic-a-PupTests/Info.plist";
				LD_RUNPATH_SEARCH_PATHS = "$(inherited) @executable_path/Frameworks @loader_path/Frameworks";
				PRODUCT_BUNDLE_IDENTIFIER = "com.pic-a-pup.Pic-a-PupTests";
				PRODUCT_NAME = "$(TARGET_NAME)";
				SWIFT_VERSION = 4.0;
				TARGETED_DEVICE_FAMILY = "1,2";
				TEST_HOST = "$(BUILT_PRODUCTS_DIR)/Pic-a-Pup.app/Pic-a-Pup";
			};
			name = Release;
		};
		D433029520583A4500AFA47F /* Debug */ = {
			isa = XCBuildConfiguration;
			baseConfigurationReference = 7B53AA2BF02673BA32065D50 /* Pods-Pic-a-PupUITests.debug.xcconfig */;
			buildSettings = {
				ALWAYS_EMBED_SWIFT_STANDARD_LIBRARIES = YES;
				CODE_SIGN_STYLE = Automatic;
				DEVELOPMENT_TEAM = 7G82ECD844;
				INFOPLIST_FILE = "Pic-a-PupUITests/Info.plist";
				LD_RUNPATH_SEARCH_PATHS = "$(inherited) @executable_path/Frameworks @loader_path/Frameworks";
				PRODUCT_BUNDLE_IDENTIFIER = "com.pic-a-pup.Pic-a-PupUITests";
				PRODUCT_NAME = "$(TARGET_NAME)";
				SWIFT_VERSION = 4.0;
				TARGETED_DEVICE_FAMILY = "1,2";
				TEST_TARGET_NAME = "Pic-a-Pup";
			};
			name = Debug;
		};
		D433029620583A4500AFA47F /* Release */ = {
			isa = XCBuildConfiguration;
			baseConfigurationReference = E6370DC06FF951C3F72C1695 /* Pods-Pic-a-PupUITests.release.xcconfig */;
			buildSettings = {
				ALWAYS_EMBED_SWIFT_STANDARD_LIBRARIES = YES;
				CODE_SIGN_STYLE = Automatic;
				DEVELOPMENT_TEAM = 7G82ECD844;
				INFOPLIST_FILE = "Pic-a-PupUITests/Info.plist";
				LD_RUNPATH_SEARCH_PATHS = "$(inherited) @executable_path/Frameworks @loader_path/Frameworks";
				PRODUCT_BUNDLE_IDENTIFIER = "com.pic-a-pup.Pic-a-PupUITests";
				PRODUCT_NAME = "$(TARGET_NAME)";
				SWIFT_VERSION = 4.0;
				TARGETED_DEVICE_FAMILY = "1,2";
				TEST_TARGET_NAME = "Pic-a-Pup";
			};
			name = Release;
		};
/* End XCBuildConfiguration section */

/* Begin XCConfigurationList section */
		D433026120583A4500AFA47F /* Build configuration list for PBXProject "Pic-a-Pup" */ = {
			isa = XCConfigurationList;
			buildConfigurations = (
				D433028C20583A4500AFA47F /* Debug */,
				D433028D20583A4500AFA47F /* Release */,
			);
			defaultConfigurationIsVisible = 0;
			defaultConfigurationName = Release;
		};
		D433028E20583A4500AFA47F /* Build configuration list for PBXNativeTarget "Pic-a-Pup" */ = {
			isa = XCConfigurationList;
			buildConfigurations = (
				D433028F20583A4500AFA47F /* Debug */,
				D433029020583A4500AFA47F /* Release */,
			);
			defaultConfigurationIsVisible = 0;
			defaultConfigurationName = Release;
		};
		D433029120583A4500AFA47F /* Build configuration list for PBXNativeTarget "Pic-a-PupTests" */ = {
			isa = XCConfigurationList;
			buildConfigurations = (
				D433029220583A4500AFA47F /* Debug */,
				D433029320583A4500AFA47F /* Release */,
			);
			defaultConfigurationIsVisible = 0;
			defaultConfigurationName = Release;
		};
		D433029420583A4500AFA47F /* Build configuration list for PBXNativeTarget "Pic-a-PupUITests" */ = {
			isa = XCConfigurationList;
			buildConfigurations = (
				D433029520583A4500AFA47F /* Debug */,
				D433029620583A4500AFA47F /* Release */,
			);
			defaultConfigurationIsVisible = 0;
			defaultConfigurationName = Release;
		};
/* End XCConfigurationList section */
	};
	rootObject = D433025E20583A4500AFA47F /* Project object */;
}
